PODS:
  - background_fetch (1.7.0):
    - Flutter
    - TSBackgroundFetch (~> 4.1.0)
  - credential_manager_ios (2.0.5):
    - Flutter
  - Flutter (1.0.0)
  - flutter_local_notifications (0.0.1):
    - Flutter
  - image_cropper (0.0.5):
    - Flutter
    - TOCropViewController (~> 3.1.2)
  - image_picker_ios (0.0.1):
    - Flutter
  - location (0.0.1):
    - Flutter
  - package_info_plus (0.4.5):
    - Flutter
  - razorpay-pod (1.5.4)
  - razorpay_flutter (1.1.10):
    - Flutter
    - razorpay-pod
  - share_plus (0.0.1):
    - Flutter
  - shared_preferences_foundation (0.0.1):
    - Flutter
    - FlutterMacOS
  - sqflite_darwin (0.0.4):
    - Flutter
    - FlutterMacOS
  - TOCropViewController (3.1.2)
  - TSBackgroundFetch (4.1.1)
  - url_launcher_ios (0.0.1):
    - Flutter

DEPENDENCIES:
  - background_fetch (from `.symlinks/plugins/background_fetch/ios`)
  - credential_manager_ios (from `.symlinks/plugins/credential_manager_ios/ios`)
  - Flutter (from `Flutter`)
  - flutter_local_notifications (from `.symlinks/plugins/flutter_local_notifications/ios`)
  - image_cropper (from `.symlinks/plugins/image_cropper/ios`)
  - image_picker_ios (from `.symlinks/plugins/image_picker_ios/ios`)
  - location (from `.symlinks/plugins/location/ios`)
  - package_info_plus (from `.symlinks/plugins/package_info_plus/ios`)
  - razorpay_flutter (from `.symlinks/plugins/razorpay_flutter/ios`)
  - share_plus (from `.symlinks/plugins/share_plus/ios`)
  - shared_preferences_foundation (from `.symlinks/plugins/shared_preferences_foundation/darwin`)
  - sqflite_darwin (from `.symlinks/plugins/sqflite_darwin/darwin`)
  - url_launcher_ios (from `.symlinks/plugins/url_launcher_ios/ios`)

SPEC REPOS:
  trunk:
    - razorpay-pod
    - TOCropViewController
    - TSBackgroundFetch

EXTERNAL SOURCES:
  background_fetch:
    :path: ".symlinks/plugins/background_fetch/ios"
  credential_manager_ios:
    :path: ".symlinks/plugins/credential_manager_ios/ios"
  Flutter:
    :path: Flutter
  flutter_local_notifications:
    :path: ".symlinks/plugins/flutter_local_notifications/ios"
  image_cropper:
    :path: ".symlinks/plugins/image_cropper/ios"
  image_picker_ios:
    :path: ".symlinks/plugins/image_picker_ios/ios"
  location:
    :path: ".symlinks/plugins/location/ios"
  package_info_plus:
    :path: ".symlinks/plugins/package_info_plus/ios"
  razorpay_flutter:
    :path: ".symlinks/plugins/razorpay_flutter/ios"
  share_plus:
    :path: ".symlinks/plugins/share_plus/ios"
  shared_preferences_foundation:
    :path: ".symlinks/plugins/shared_preferences_foundation/darwin"
  sqflite_darwin:
    :path: ".symlinks/plugins/sqflite_darwin/darwin"
  url_launcher_ios:
    :path: ".symlinks/plugins/url_launcher_ios/ios"

SPEC CHECKSUMS:
  background_fetch: b273c4b6911fc2e309790b46b5658b7edc40b73b
  credential_manager_ios: 0d3527d3242e36aa68f50c52971be48c2b14bf5b
  Flutter: cabc95a1d2626b1b06e7179b784ebcf0c0cde467
  flutter_local_notifications: 643a3eda1ce1c0599413ca31672536d423dee214
  image_cropper: fca51f94982730acae168c4b5d691e0f11aeb259
  image_picker_ios: e0ece4aa2a75771a7de3fa735d26d90817041326
  location: 155caecf9da4f280ab5fe4a55f94ceccfab838f8
  package_info_plus: af8e2ca6888548050f16fa2f1938db7b5a5df499
  razorpay-pod: 3ba80419f3315352d6ffa336a194ad95ab249700
  razorpay_flutter: 0e98e4fcaae27ad50e011d85f66d85e0a008754a
  share_plus: 50da8cb520a8f0f65671c6c6a99b3617ed10a58a
  shared_preferences_foundation: 7036424c3d8ec98dfe75ff1667cb0cd531ec82bb
  sqflite_darwin: 20b2a3a3b70e43edae938624ce550a3cbf66a3d0
  TOCropViewController: a916930c465b5d9445a74d95e0c0da931771b4df
  TSBackgroundFetch: 18918b6449a1e3f01eb0f5b44d6d79ce6160a5a5
  url_launcher_ios: 7a95fa5b60cc718a708b8f2966718e93db0cef1b

PODFILE CHECKSUM: 47a757a7853adf00f34d8294fd2037725e0d47ac

COCOAPODS: 1.16.2
